
Microsoft Visual Studio Solution File, Format Version 12.00
# Visual Studio Version 17
VisualStudioVersion = 17.9.34616.47
MinimumVisualStudioVersion = 10.0.40219.1
Project("{FAE04EC0-301F-11D3-BF4B-00C04F79EFBC}") = "WebApi", "WebApi\WebApi.csproj", "{AEDE0D13-CD43-402B-AEB9-E8060EC164C0}"
EndProject
Project("{FAE04EC0-301F-11D3-BF4B-00C04F79EFBC}") = "Persistence", "Persistence\Persistence.csproj", "{BCFD56DE-A77F-4974-9184-4CC38EF6F57C}"
EndProject
Project("{FAE04EC0-301F-11D3-BF4B-00C04F79EFBC}") = "Domain", "Domain\Domain.csproj", "{1FFC89DF-F4AF-435B-8875-4B819EDEF5F6}"
EndProject
Project("{FAE04EC0-301F-11D3-BF4B-00C04F79EFBC}") = "Application", "Application\Application.csproj", "{FF55CE6A-C0A3-4545-92DF-E16A9A879A52}"
EndProject
Project("{FAE04EC0-301F-11D3-BF4B-00C04F79EFBC}") = "Infrastructure", "Infrastructure\Infrastructure.csproj", "{E1C933BE-960A-47A3-A81B-76A3F6BF06B7}"
EndProject
Global
	GlobalSection(SolutionConfigurationPlatforms) = preSolution
		Debug|Any CPU = Debug|Any CPU
		Release|Any CPU = Release|Any CPU
	EndGlobalSection
	GlobalSection(ProjectConfigurationPlatforms) = postSolution
		{AEDE0D13-CD43-402B-AEB9-E8060EC164C0}.Debug|Any CPU.ActiveCfg = Debug|Any CPU
		{AEDE0D13-CD43-402B-AEB9-E8060EC164C0}.Debug|Any CPU.Build.0 = Debug|Any CPU
		{AEDE0D13-CD43-402B-AEB9-E8060EC164C0}.Release|Any CPU.ActiveCfg = Release|Any CPU
		{AEDE0D13-CD43-402B-AEB9-E8060EC164C0}.Release|Any CPU.Build.0 = Release|Any CPU
		{BCFD56DE-A77F-4974-9184-4CC38EF6F57C}.Debug|Any CPU.ActiveCfg = Debug|Any CPU
		{BCFD56DE-A77F-4974-9184-4CC38EF6F57C}.Debug|Any CPU.Build.0 = Debug|Any CPU
		{BCFD56DE-A77F-4974-9184-4CC38EF6F57C}.Release|Any CPU.ActiveCfg = Release|Any CPU
		{BCFD56DE-A77F-4974-9184-4CC38EF6F57C}.Release|Any CPU.Build.0 = Release|Any CPU
		{1FFC89DF-F4AF-435B-8875-4B819EDEF5F6}.Debug|Any CPU.ActiveCfg = Debug|Any CPU
		{1FFC89DF-F4AF-435B-8875-4B819EDEF5F6}.Debug|Any CPU.Build.0 = Debug|Any CPU
		{1FFC89DF-F4AF-435B-8875-4B819EDEF5F6}.Release|Any CPU.ActiveCfg = Release|Any CPU
		{1FFC89DF-F4AF-435B-8875-4B819EDEF5F6}.Release|Any CPU.Build.0 = Release|Any CPU
		{FF55CE6A-C0A3-4545-92DF-E16A9A879A52}.Debug|Any CPU.ActiveCfg = Debug|Any CPU
		{FF55CE6A-C0A3-4545-92DF-E16A9A879A52}.Debug|Any CPU.Build.0 = Debug|Any CPU
		{FF55CE6A-C0A3-4545-92DF-E16A9A879A52}.Release|Any CPU.ActiveCfg = Release|Any CPU
		{FF55CE6A-C0A3-4545-92DF-E16A9A879A52}.Release|Any CPU.Build.0 = Release|Any CPU
		{E1C933BE-960A-47A3-A81B-76A3F6BF06B7}.Debug|Any CPU.ActiveCfg = Debug|Any CPU
		{E1C933BE-960A-47A3-A81B-76A3F6BF06B7}.Debug|Any CPU.Build.0 = Debug|Any CPU
		{E1C933BE-960A-47A3-A81B-76A3F6BF06B7}.Release|Any CPU.ActiveCfg = Release|Any CPU
		{E1C933BE-960A-47A3-A81B-76A3F6BF06B7}.Release|Any CPU.Build.0 = Release|Any CPU
	EndGlobalSection
	GlobalSection(SolutionProperties) = preSolution
		HideSolutionNode = FALSE
	EndGlobalSection
	GlobalSection(ExtensibilityGlobals) = postSolution
		SolutionGuid = {54297CD6-6FD0-4AF4-8A22-A3230E565505}
	EndGlobalSection
EndGlobal
