
Microsoft Visual Studio Solution File, Format Version 12.00
# Visual Studio Version 17
VisualStudioVersion = 17.9.34616.47
MinimumVisualStudioVersion = 10.0.40219.1
Project("{9A19103F-16F7-4668-BE54-9A1E7A4F7556}") = "Core.Persistence", "Core.Persistence\Core.Persistence.csproj", "{DB0B77E2-92CB-469B-90E4-B5FFC8CDAB47}"
EndProject
Project("{9A19103F-16F7-4668-BE54-9A1E7A4F7556}") = "Core.Application", "Core.Application\Core.Application.csproj", "{557EC582-AFED-4743-BBDA-90DD041261F0}"
EndProject
Project("{FAE04EC0-301F-11D3-BF4B-00C04F79EFBC}") = "Core.CrossCuttingConcerns", "Core.CrossCuttingConcerns\Core.CrossCuttingConcerns.csproj", "{C07D2FC7-E97B-4BD9-ADAD-3976689B259C}"
EndProject
Project("{FAE04EC0-301F-11D3-BF4B-00C04F79EFBC}") = "Core.Security", "Core.Security\Core.Security.csproj", "{3BC20D31-09F4-49D2-8A52-D6594FD81F3F}"
EndProject
Global
	GlobalSection(SolutionConfigurationPlatforms) = preSolution
		Debug|Any CPU = Debug|Any CPU
		Release|Any CPU = Release|Any CPU
	EndGlobalSection
	GlobalSection(ProjectConfigurationPlatforms) = postSolution
		{DB0B77E2-92CB-469B-90E4-B5FFC8CDAB47}.Debug|Any CPU.ActiveCfg = Debug|Any CPU
		{DB0B77E2-92CB-469B-90E4-B5FFC8CDAB47}.Debug|Any CPU.Build.0 = Debug|Any CPU
		{DB0B77E2-92CB-469B-90E4-B5FFC8CDAB47}.Release|Any CPU.ActiveCfg = Release|Any CPU
		{DB0B77E2-92CB-469B-90E4-B5FFC8CDAB47}.Release|Any CPU.Build.0 = Release|Any CPU
		{557EC582-AFED-4743-BBDA-90DD041261F0}.Debug|Any CPU.ActiveCfg = Debug|Any CPU
		{557EC582-AFED-4743-BBDA-90DD041261F0}.Debug|Any CPU.Build.0 = Debug|Any CPU
		{557EC582-AFED-4743-BBDA-90DD041261F0}.Release|Any CPU.ActiveCfg = Release|Any CPU
		{557EC582-AFED-4743-BBDA-90DD041261F0}.Release|Any CPU.Build.0 = Release|Any CPU
		{C07D2FC7-E97B-4BD9-ADAD-3976689B259C}.Debug|Any CPU.ActiveCfg = Debug|Any CPU
		{C07D2FC7-E97B-4BD9-ADAD-3976689B259C}.Debug|Any CPU.Build.0 = Debug|Any CPU
		{C07D2FC7-E97B-4BD9-ADAD-3976689B259C}.Release|Any CPU.ActiveCfg = Release|Any CPU
		{C07D2FC7-E97B-4BD9-ADAD-3976689B259C}.Release|Any CPU.Build.0 = Release|Any CPU
		{3BC20D31-09F4-49D2-8A52-D6594FD81F3F}.Debug|Any CPU.ActiveCfg = Debug|Any CPU
		{3BC20D31-09F4-49D2-8A52-D6594FD81F3F}.Debug|Any CPU.Build.0 = Debug|Any CPU
		{3BC20D31-09F4-49D2-8A52-D6594FD81F3F}.Release|Any CPU.ActiveCfg = Release|Any CPU
		{3BC20D31-09F4-49D2-8A52-D6594FD81F3F}.Release|Any CPU.Build.0 = Release|Any CPU
	EndGlobalSection
	GlobalSection(SolutionProperties) = preSolution
		HideSolutionNode = FALSE
	EndGlobalSection
	GlobalSection(ExtensibilityGlobals) = postSolution
		SolutionGuid = {05754DBA-F6C7-4669-B5F6-13EC11B638DA}
	EndGlobalSection
EndGlobal
